{
  "name": "@yukino-org/packages-dart_utilx",
  "version": "0.0.0",
  "lockfileVersion": 3,
  "requires": true,
  "packages": {
    "": {
      "name": "@yukino-org/packages-dart_utilx",
      "version": "0.0.0",
      "license": "MIT",
      "dependencies": {
        "@zyrouge/phrasey-locales-builder": "^1.1.10"
      }
    },
    "node_modules/@zyrouge/phrasey-locales-builder": {
      "version": "1.1.10",
      "resolved": "https://registry.npmjs.org/@zyrouge/phrasey-locales-builder/-/phrasey-locales-builder-1.1.10.tgz",
      "integrity": "sha512-5X2gJvixwGvKZdDvYjrvrhodOfLeS+OvGygUQdkDszAv7IKXn6sdqLAc0WuIRAofyACYOJFOClch4c0sEU8ThQ==",
      "dependencies": {
        "@zyrouge/phrasey-locales-shared": "^1.1.5",
        "cldr-core": "^43.1.0",
        "cldr-localenames-modern": "^43.1.0",
        "cldr-misc-modern": "^43.1.0"
      }
    },
    "node_modules/@zyrouge/phrasey-locales-shared": {
      "version": "1.1.5",
      "resolved": "https://registry.npmjs.org/@zyrouge/phrasey-locales-shared/-/phrasey-locales-shared-1.1.5.tgz",
      "integrity": "sha512-1BXKSh2QblbatrmPVOkm9jA/g1vCvdrJHemrPQiOX1Tx+ta5JbtJev4fZjbIjwSmPvMsFtqT95VPaAWm00AYSQ=="
    },
    "node_modules/cldr-core": {
      "version": "43.1.0",
      "resolved": "https://registry.npmjs.org/cldr-core/-/cldr-core-43.1.0.tgz",
      "integrity": "sha512-8Q/Zh/eCzV4SxggzZhPnw5WDWH9OnhbPfwzthfG8uXsCn7F5UeBCiAOTxsstxuxtXPKlvPJqqMSQjiYcqJPJsA=="
    },
    "node_modules/cldr-localenames-modern": {
      "version": "43.1.0",
      "resolved": "https://registry.npmjs.org/cldr-localenames-modern/-/cldr-localenames-modern-43.1.0.tgz",
      "integrity": "sha512-wpjAgWAeWWqJxKB2AlJPyRynFAge548nfLTgUkK2oTdqxexTHyAcEknUgE0TXNZXArcjyKJ3siQMRowe11yJeg==",
      "peerDependencies": {
        "cldr-core": "43.1.0"
      }
    },
    "node_modules/cldr-misc-modern": {
      "version": "43.1.0",
      "resolved": "https://registry.npmjs.org/cldr-misc-modern/-/cldr-misc-modern-43.1.0.tgz",
      "integrity": "sha512-pNSOwK9coUbXVMUfa04T90iuX9FmKa9E5IzEuZMn73LI+y3+8oTewHZRrRWyAqhojUZcdz+pi3vbPm2SLVXDXQ==",
      "peerDependencies": {
        "cldr-core": "43.1.0"
      }
    }
  }
}
