# Generated by pub
# See https://dart.dev/tools/pub/glossary#lockfile
packages:
  lint:
    dependency: transitive
    description:
      name: lint
      sha256: "77b3777e8e9adca8e942da1e835882ae3248dfa00488a2ebbdbc1f1a4aa3f4a7"
      url: "https://pub.dev"
    source: hosted
    version: "2.2.0"
  zlint:
    dependency: "direct main"
    description:
      path: "."
      ref: main
      resolved-ref: "8cad12cadfdb42d8ad5d0d368d9422695888e91c"
      url: "https://github.com/zyrouge/dart_zlint.git"
    source: git
    version: "0.0.0"
sdks:
  dart: ">=3.1.0 <4.0.0"
